
Microsoft Visual Studio Solution File, Format Version 12.00
# Visual Studio 15
VisualStudioVersion = 15.0.27130.0
MinimumVisualStudioVersion = 10.0.40219.1
Project("{888888A0-9F3D-457C-B088-3A5042F75D52}") = "PythonScreenshot", "PythonScreenshot\PythonScreenshot.pyproj", "{0DD88463-A629-40D1-84B7-8CB615585BA3}"
EndProject
Global
	GlobalSection(SolutionConfigurationPlatforms) = preSolution
		Debug|Any CPU = Debug|Any CPU
		Release|Any CPU = Release|Any CPU
	EndGlobalSection
	GlobalSection(ProjectConfigurationPlatforms) = postSolution
		{0DD88463-A629-40D1-84B7-8CB615585BA3}.Debug|Any CPU.ActiveCfg = Debug|Any CPU
		{0DD88463-A629-40D1-84B7-8CB615585BA3}.Release|Any CPU.ActiveCfg = Release|Any CPU
	EndGlobalSection
	GlobalSection(SolutionProperties) = preSolution
		HideSolutionNode = FALSE
	EndGlobalSection
	GlobalSection(ExtensibilityGlobals) = postSolution
		SolutionGuid = {558608E8-E1D0-4FC8-8DA0-89A97859905A}
	EndGlobalSection
EndGlobal
